
Microsoft Visual Studio Solution File, Format Version 12.00
# Visual Studio Version 17
VisualStudioVersion = 17.1.32319.34
MinimumVisualStudioVersion = 10.0.40219.1
Project("{FAE04EC0-301F-11D3-BF4B-00C04F79EFBC}") = "DesafioSidequest.Data", "DesafioSidequest.Data\DesafioSidequest.Data.csproj", "{2941E2BB-C1D6-4BDF-AEBE-39FD11B93616}"
EndProject
Project("{FAE04EC0-301F-11D3-BF4B-00C04F79EFBC}") = "DesafioSidequest.Business", "DesafioSidequest.Business\DesafioSidequest.Business.csproj", "{A4BB5C5E-51AD-4F99-96F3-7FE66EEDA6B9}"
EndProject
Project("{FAE04EC0-301F-11D3-BF4B-00C04F79EFBC}") = "DesafioSidequest.API", "DesafioSidequest.API\DesafioSidequest.API.csproj", "{976C423E-2C4C-4F1B-A007-9C350F256730}"
EndProject
Global
	GlobalSection(SolutionConfigurationPlatforms) = preSolution
		Debug|Any CPU = Debug|Any CPU
		Release|Any CPU = Release|Any CPU
	EndGlobalSection
	GlobalSection(ProjectConfigurationPlatforms) = postSolution
		{2941E2BB-C1D6-4BDF-AEBE-39FD11B93616}.Debug|Any CPU.ActiveCfg = Debug|Any CPU
		{2941E2BB-C1D6-4BDF-AEBE-39FD11B93616}.Debug|Any CPU.Build.0 = Debug|Any CPU
		{2941E2BB-C1D6-4BDF-AEBE-39FD11B93616}.Release|Any CPU.ActiveCfg = Release|Any CPU
		{2941E2BB-C1D6-4BDF-AEBE-39FD11B93616}.Release|Any CPU.Build.0 = Release|Any CPU
		{A4BB5C5E-51AD-4F99-96F3-7FE66EEDA6B9}.Debug|Any CPU.ActiveCfg = Debug|Any CPU
		{A4BB5C5E-51AD-4F99-96F3-7FE66EEDA6B9}.Debug|Any CPU.Build.0 = Debug|Any CPU
		{A4BB5C5E-51AD-4F99-96F3-7FE66EEDA6B9}.Release|Any CPU.ActiveCfg = Release|Any CPU
		{A4BB5C5E-51AD-4F99-96F3-7FE66EEDA6B9}.Release|Any CPU.Build.0 = Release|Any CPU
		{976C423E-2C4C-4F1B-A007-9C350F256730}.Debug|Any CPU.ActiveCfg = Debug|Any CPU
		{976C423E-2C4C-4F1B-A007-9C350F256730}.Debug|Any CPU.Build.0 = Debug|Any CPU
		{976C423E-2C4C-4F1B-A007-9C350F256730}.Release|Any CPU.ActiveCfg = Release|Any CPU
		{976C423E-2C4C-4F1B-A007-9C350F256730}.Release|Any CPU.Build.0 = Release|Any CPU
	EndGlobalSection
	GlobalSection(SolutionProperties) = preSolution
		HideSolutionNode = FALSE
	EndGlobalSection
	GlobalSection(ExtensibilityGlobals) = postSolution
		SolutionGuid = {2FFE45E2-6110-49E7-A4B2-502BFAE53A2E}
	EndGlobalSection
EndGlobal
